
Microsoft Visual Studio Solution File, Format Version 12.00
# Visual Studio Version 17
VisualStudioVersion = 17.6.33723.286
MinimumVisualStudioVersion = 10.0.40219.1
Project("{FAE04EC0-301F-11D3-BF4B-00C04F79EFBC}") = "PrintStickers", "PrintStickers\PrintStickers.csproj", "{329A0D34-D4D2-47E0-8F0C-9767E0C72646}"
EndProject
Global
	GlobalSection(SolutionConfigurationPlatforms) = preSolution
		Debug|Any CPU = Debug|Any CPU
		Release|Any CPU = Release|Any CPU
	EndGlobalSection
	GlobalSection(ProjectConfigurationPlatforms) = postSolution
		{329A0D34-D4D2-47E0-8F0C-9767E0C72646}.Debug|Any CPU.ActiveCfg = Debug|Any CPU
		{329A0D34-D4D2-47E0-8F0C-9767E0C72646}.Debug|Any CPU.Build.0 = Debug|Any CPU
		{329A0D34-D4D2-47E0-8F0C-9767E0C72646}.Release|Any CPU.ActiveCfg = Release|Any CPU
		{329A0D34-D4D2-47E0-8F0C-9767E0C72646}.Release|Any CPU.Build.0 = Release|Any CPU
	EndGlobalSection
	GlobalSection(SolutionProperties) = preSolution
		HideSolutionNode = FALSE
	EndGlobalSection
	GlobalSection(ExtensibilityGlobals) = postSolution
		SolutionGuid = {3B4A04F1-9F95-4F73-B9C8-7D994D8A494F}
	EndGlobalSection
EndGlobal
